
Microsoft Visual Studio Solution File, Format Version 12.00
# Visual Studio Version 16
VisualStudioVersion = 16.0.29230.47
MinimumVisualStudioVersion = 10.0.40219.1
Project("{FAE04EC0-301F-11D3-BF4B-00C04F79EFBC}") = "Hack Hack", "Hack Hack.csproj", "{984AAF06-F89C-4020-A34E-E6C4BB0CF6C0}"
EndProject
Global
	GlobalSection(SolutionConfigurationPlatforms) = preSolution
		Debug|Any CPU = Debug|Any CPU
		Release|Any CPU = Release|Any CPU
	EndGlobalSection
	GlobalSection(ProjectConfigurationPlatforms) = postSolution
		{984AAF06-F89C-4020-A34E-E6C4BB0CF6C0}.Debug|Any CPU.ActiveCfg = Debug|Any CPU
		{984AAF06-F89C-4020-A34E-E6C4BB0CF6C0}.Debug|Any CPU.Build.0 = Debug|Any CPU
		{984AAF06-F89C-4020-A34E-E6C4BB0CF6C0}.Release|Any CPU.ActiveCfg = Release|Any CPU
		{984AAF06-F89C-4020-A34E-E6C4BB0CF6C0}.Release|Any CPU.Build.0 = Release|Any CPU
	EndGlobalSection
	GlobalSection(SolutionProperties) = preSolution
		HideSolutionNode = FALSE
	EndGlobalSection
	GlobalSection(ExtensibilityGlobals) = postSolution
		SolutionGuid = {1AEACA19-57C0-42D7-9A8A-58F48DAC1AD9}
	EndGlobalSection
EndGlobal
